// !$*UTF8*$!
{
	archiveVersion = 1;
	classes = {
	};
	objectVersion = 51;
	objects = {

/* Begin PBXBuildFile section */
		C6A1CB5E67C350728C506A62 /* Pods_skeletonView.framework in Frameworks */ = {isa = PBXBuildFile; fileRef = DCB4EB091D022BEF2F48FD4D /* Pods_skeletonView.framework */; };
		FFB1025B244C5B11008AC7D7 /* AppDelegate.swift in Sources */ = {isa = PBXBuildFile; fileRef = FFB1025A244C5B11008AC7D7 /* AppDelegate.swift */; };
		FFB1025D244C5B11008AC7D7 /* SceneDelegate.swift in Sources */ = {isa = PBXBuildFile; fileRef = FFB1025C244C5B11008AC7D7 /* SceneDelegate.swift */; };
		FFB1025F244C5B11008AC7D7 /* ViewController.swift in Sources */ = {isa = PBXBuildFile; fileRef = FFB1025E244C5B11008AC7D7 /* ViewController.swift */; };
		FFB10262244C5B11008AC7D7 /* Main.storyboard in Resources */ = {isa = PBXBuildFile; fileRef = FFB10260244C5B11008AC7D7 /* Main.storyboard */; };
		FFB10264244C5B12008AC7D7 /* Assets.xcassets in Resources */ = {isa = PBXBuildFile; fileRef = FFB10263244C5B12008AC7D7 /* Assets.xcassets */; };
		FFB10267244C5B12008AC7D7 /* LaunchScreen.storyboard in Resources */ = {isa = PBXBuildFile; fileRef = FFB10265244C5B12008AC7D7 /* LaunchScreen.storyboard */; };
/* End PBXBuildFile section */

/* Begin PBXFileReference section */
		1144D7CFA73D21DE713FF09A /* Pods-skeletonView.debug.xcconfig */ = {isa = PBXFileReference; includeInIndex = 1; lastKnownFileType = text.xcconfig; name = "Pods-skeletonView.debug.xcconfig"; path = "Target Support Files/Pods-skeletonView/Pods-skeletonView.debug.xcconfig"; sourceTree = "<group>"; };
		DCB4EB091D022BEF2F48FD4D /* Pods_skeletonView.framework */ = {isa = PBXFileReference; explicitFileType = wrapper.framework; includeInIndex = 0; path = Pods_skeletonView.framework; sourceTree = BUILT_PRODUCTS_DIR; };
		FB931834ACEDFCD3F35A7FA7 /* Pods-skeletonView.release.xcconfig */ = {isa = PBXFileReference; includeInIndex = 1; lastKnownFileType = text.xcconfig; name = "Pods-skeletonView.release.xcconfig"; path = "Target Support Files/Pods-skeletonView/Pods-skeletonView.release.xcconfig"; sourceTree = "<group>"; };
		FFB10257244C5B11008AC7D7 /* skeletonViewDemo.app */ = {isa = PBXFileReference; explicitFileType = wrapper.application; includeInIndex = 0; path = skeletonViewDemo.app; sourceTree = BUILT_PRODUCTS_DIR; };
		FFB1025A244C5B11008AC7D7 /* AppDelegate.swift */ = {isa = PBXFileReference; lastKnownFileType = sourcecode.swift; path = AppDelegate.swift; sourceTree = "<group>"; };
		FFB1025C244C5B11008AC7D7 /* SceneDelegate.swift */ = {isa = PBXFileReference; lastKnownFileType = sourcecode.swift; path = SceneDelegate.swift; sourceTree = "<group>"; };
		FFB1025E244C5B11008AC7D7 /* ViewController.swift */ = {isa = PBXFileReference; lastKnownFileType = sourcecode.swift; path = ViewController.swift; sourceTree = "<group>"; };
		FFB10261244C5B11008AC7D7 /* Base */ = {isa = PBXFileReference; lastKnownFileType = file.storyboard; name = Base; path = Base.lproj/Main.storyboard; sourceTree = "<group>"; };
		FFB10263244C5B12008AC7D7 /* Assets.xcassets */ = {isa = PBXFileReference; lastKnownFileType = folder.assetcatalog; path = Assets.xcassets; sourceTree = "<group>"; };
		FFB10266244C5B12008AC7D7 /* Base */ = {isa = PBXFileReference; lastKnownFileType = file.storyboard; name = Base; path = Base.lproj/LaunchScreen.storyboard; sourceTree = "<group>"; };
		FFB10268244C5B12008AC7D7 /* Info.plist */ = {isa = PBXFileReference; lastKnownFileType = text.plist.xml; path = Info.plist; sourceTree = "<group>"; };
/* End PBXFileReference section */

/* Begin PBXFrameworksBuildPhase section */
		FFB10254244C5B11008AC7D7 /* Frameworks */ = {
			isa = PBXFrameworksBuildPhase;
			buildActionMask = 2147483647;
			files = (
				C6A1CB5E67C350728C506A62 /* Pods_skeletonView.framework in Frameworks */,
			);
			runOnlyForDeploymentPostprocessing = 0;
		};
/* End PBXFrameworksBuildPhase section */

/* Begin PBXGroup section */
		4A5D48C8071F799AC25B9E2D /* Frameworks */ = {
			isa = PBXGroup;
			children = (
				DCB4EB091D022BEF2F48FD4D /* Pods_skeletonView.framework */,
			);
			name = Frameworks;
			sourceTree = "<group>";
		};
		D4D591758594634A7D1572C3 /* Pods */ = {
			isa = PBXGroup;
			children = (
				1144D7CFA73D21DE713FF09A /* Pods-skeletonView.debug.xcconfig */,
				FB931834ACEDFCD3F35A7FA7 /* Pods-skeletonView.release.xcconfig */,
			);
			path = Pods;
			sourceTree = "<group>";
		};
		FFB1024E244C5B11008AC7D7 = {
			isa = PBXGroup;
			children = (
				FFB10259244C5B11008AC7D7 /* skeletonView */,
				FFB10258244C5B11008AC7D7 /* Products */,
				D4D591758594634A7D1572C3 /* Pods */,
				4A5D48C8071F799AC25B9E2D /* Frameworks */,
			);
			sourceTree = "<group>";
		};
		FFB10258244C5B11008AC7D7 /* Products */ = {
			isa = PBXGroup;
			children = (
				FFB10257244C5B11008AC7D7 /* skeletonViewDemo.app */,
			);
			name = Products;
			sourceTree = "<group>";
		};
		FFB10259244C5B11008AC7D7 /* skeletonView */ = {
			isa = PBXGroup;
			children = (
				FFB1025A244C5B11008AC7D7 /* AppDelegate.swift */,
				FFB1025C244C5B11008AC7D7 /* SceneDelegate.swift */,
				FFB1025E244C5B11008AC7D7 /* ViewController.swift */,
				FFB10260244C5B11008AC7D7 /* Main.storyboard */,
				FFB10263244C5B12008AC7D7 /* Assets.xcassets */,
				FFB10265244C5B12008AC7D7 /* LaunchScreen.storyboard */,
				FFB10268244C5B12008AC7D7 /* Info.plist */,
			);
			path = skeletonView;
			sourceTree = "<group>";
		};
/* End PBXGroup section */

/* Begin PBXNativeTarget section */
		FFB10256244C5B11008AC7D7 /* skeletonView */ = {
			isa = PBXNativeTarget;
			buildConfigurationList = FFB1026B244C5B12008AC7D7 /* Build configuration list for PBXNativeTarget "skeletonView" */;
			buildPhases = (
				37A4D2CABC0EE260A3100485 /* [CP] Check Pods Manifest.lock */,
				FFB10253244C5B11008AC7D7 /* Sources */,
				FFB10254244C5B11008AC7D7 /* Frameworks */,
				FFB10255244C5B11008AC7D7 /* Resources */,
				3884959DD56DF119078956A8 /* [CP] Embed Pods Frameworks */,
			);
			buildRules = (
			);
			dependencies = (
			);
			name = skeletonView;
			productName = skeletonView;
			productReference = FFB10257244C5B11008AC7D7 /* skeletonViewDemo.app */;
			productType = "com.apple.product-type.application";
		};
/* End PBXNativeTarget section */

/* Begin PBXProject section */
		FFB1024F244C5B11008AC7D7 /* Project object */ = {
			isa = PBXProject;
			attributes = {
				LastSwiftUpdateCheck = 1140;
				LastUpgradeCheck = 1140;
				ORGANIZATIONNAME = "Fahim Rahman";
				TargetAttributes = {
					FFB10256244C5B11008AC7D7 = {
						CreatedOnToolsVersion = 11.4.1;
					};
				};
			};
			buildConfigurationList = FFB10252244C5B11008AC7D7 /* Build configuration list for PBXProject "skeletonView" */;
			compatibilityVersion = "Xcode 9.3";
			developmentRegion = en;
			hasScannedForEncodings = 0;
			knownRegions = (
				en,
				Base,
			);
			mainGroup = FFB1024E244C5B11008AC7D7;
			productRefGroup = FFB10258244C5B11008AC7D7 /* Products */;
			projectDirPath = "";
			projectRoot = "";
			targets = (
				FFB10256244C5B11008AC7D7 /* skeletonView */,
			);
		};
/* End PBXProject section */

/* Begin PBXResourcesBuildPhase section */
		FFB10255244C5B11008AC7D7 /* Resources */ = {
			isa = PBXResourcesBuildPhase;
			buildActionMask = 2147483647;
			files = (
				FFB10267244C5B12008AC7D7 /* LaunchScreen.storyboard in Resources */,
				FFB10264244C5B12008AC7D7 /* Assets.xcassets in Resources */,
				FFB10262244C5B11008AC7D7 /* Main.storyboard in Resources */,
			);
			runOnlyForDeploymentPostprocessing = 0;
		};
/* End PBXResourcesBuildPhase section */

/* Begin PBXShellScriptBuildPhase section */
		37A4D2CABC0EE260A3100485 /* [CP] Check Pods Manifest.lock */ = {
			isa = PBXShellScriptBuildPhase;
			buildActionMask = 2147483647;
			files = (
			);
			inputFileListPaths = (
			);
			inputPaths = (
				"${PODS_PODFILE_DIR_PATH}/Podfile.lock",
				"${PODS_ROOT}/Manifest.lock",
			);
			name = "[CP] Check Pods Manifest.lock";
			outputFileListPaths = (
			);
			outputPaths = (
				"$(DERIVED_FILE_DIR)/Pods-skeletonView-checkManifestLockResult.txt",
			);
			runOnlyForDeploymentPostprocessing = 0;
			shellPath = /bin/sh;
			shellScript = "diff \"${PODS_PODFILE_DIR_PATH}/Podfile.lock\" \"${PODS_ROOT}/Manifest.lock\" > /dev/null\nif [ $? != 0 ] ; then\n    # print error to STDERR\n    echo \"error: The sandbox is not in sync with the Podfile.lock. Run 'pod install' or update your CocoaPods installation.\" >&2\n    exit 1\nfi\n# This output is used by Xcode 'outputs' to avoid re-running this script phase.\necho \"SUCCESS\" > \"${SCRIPT_OUTPUT_FILE_0}\"\n";
			showEnvVarsInLog = 0;
		};
		3884959DD56DF119078956A8 /* [CP] Embed Pods Frameworks */ = {
			isa = PBXShellScriptBuildPhase;
			buildActionMask = 2147483647;
			files = (
			);
			inputFileListPaths = (
				"${PODS_ROOT}/Target Support Files/Pods-skeletonView/Pods-skeletonView-frameworks-${CONFIGURATION}-input-files.xcfilelist",
			);
			name = "[CP] Embed Pods Frameworks";
			outputFileListPaths = (
				"${PODS_ROOT}/Target Support Files/Pods-skeletonView/Pods-skeletonView-frameworks-${CONFIGURATION}-output-files.xcfilelist",
			);
			runOnlyForDeploymentPostprocessing = 0;
			shellPath = /bin/sh;
			shellScript = "\"${PODS_ROOT}/Target Support Files/Pods-skeletonView/Pods-skeletonView-frameworks.sh\"\n";
			showEnvVarsInLog = 0;
		};
/* End PBXShellScriptBuildPhase section */

/* Begin PBXSourcesBuildPhase section */
		FFB10253244C5B11008AC7D7 /* Sources */ = {
			isa = PBXSourcesBuildPhase;
			buildActionMask = 2147483647;
			files = (
				FFB1025F244C5B11008AC7D7 /* ViewController.swift in Sources */,
				FFB1025B244C5B11008AC7D7 /* AppDelegate.swift in Sources */,
				FFB1025D244C5B11008AC7D7 /* SceneDelegate.swift in Sources */,
			);
			runOnlyForDeploymentPostprocessing = 0;
		};
/* End PBXSourcesBuildPhase section */

/* Begin PBXVariantGroup section */
		FFB10260244C5B11008AC7D7 /* Main.storyboard */ = {
			isa = PBXVariantGroup;
			children = (
				FFB10261244C5B11008AC7D7 /* Base */,
			);
			name = Main.storyboard;
			sourceTree = "<group>";
		};
		FFB10265244C5B12008AC7D7 /* LaunchScreen.storyboard */ = {
			isa = PBXVariantGroup;
			children = (
				FFB10266244C5B12008AC7D7 /* Base */,
			);
			name = LaunchScreen.storyboard;
			sourceTree = "<group>";
		};
/* End PBXVariantGroup section */

/* Begin XCBuildConfiguration section */
		FFB10269244C5B12008AC7D7 /* Debug */ = {
			isa = XCBuildConfiguration;
			buildSettings = {
				ALWAYS_SEARCH_USER_PATHS = NO;
				CLANG_ANALYZER_NONNULL = YES;
				CLANG_ANALYZER_NUMBER_OBJECT_CONVERSION = YES_AGGRESSIVE;
				CLANG_CXX_LANGUAGE_STANDARD = "gnu++14";
				CLANG_CXX_LIBRARY = "libc++";
				CLANG_ENABLE_MODULES = YES;
				CLANG_ENABLE_OBJC_ARC = YES;
				CLANG_ENABLE_OBJC_WEAK = YES;
				CLANG_WARN_BLOCK_CAPTURE_AUTORELEASING = YES;
				CLANG_WARN_BOOL_CONVERSION = YES;
				CLANG_WARN_COMMA = YES;
				CLANG_WARN_CONSTANT_CONVERSION = YES;
				CLANG_WARN_DEPRECATED_OBJC_IMPLEMENTATIONS = YES;
				CLANG_WARN_DIRECT_OBJC_ISA_USAGE = YES_ERROR;
				CLANG_WARN_DOCUMENTATION_COMMENTS = YES;
				CLANG_WARN_EMPTY_BODY = YES;
				CLANG_WARN_ENUM_CONVERSION = YES;
				CLANG_WARN_INFINITE_RECURSION = YES;
				CLANG_WARN_INT_CONVERSION = YES;
				CLANG_WARN_NON_LITERAL_NULL_CONVERSION = YES;
				CLANG_WARN_OBJC_IMPLICIT_RETAIN_SELF = YES;
				CLANG_WARN_OBJC_LITERAL_CONVERSION = YES;
				CLANG_WARN_OBJC_ROOT_CLASS = YES_ERROR;
				CLANG_WARN_RANGE_LOOP_ANALYSIS = YES;
				CLANG_WARN_STRICT_PROTOTYPES = YES;
				CLANG_WARN_SUSPICIOUS_MOVE = YES;
				CLANG_WARN_UNGUARDED_AVAILABILITY = YES_AGGRESSIVE;
				CLANG_WARN_UNREACHABLE_CODE = YES;
				CLANG_WARN__DUPLICATE_METHOD_MATCH = YES;
				COPY_PHASE_STRIP = NO;
				DEBUG_INFORMATION_FORMAT = dwarf;
				ENABLE_STRICT_OBJC_MSGSEND = YES;
				ENABLE_TESTABILITY = YES;
				GCC_C_LANGUAGE_STANDARD = gnu11;
				GCC_DYNAMIC_NO_PIC = NO;
				GCC_NO_COMMON_BLOCKS = YES;
				GCC_OPTIMIZATION_LEVEL = 0;
				GCC_PREPROCESSOR_DEFINITIONS = (
					"DEBUG=1",
					"$(inherited)",
				);
				GCC_WARN_64_TO_32_BIT_CONVERSION = YES;
				GCC_WARN_ABOUT_RETURN_TYPE = YES_ERROR;
				GCC_WARN_UNDECLARED_SELECTOR = YES;
				GCC_WARN_UNINITIALIZED_AUTOS = YES_AGGRESSIVE;
				GCC_WARN_UNUSED_FUNCTION = YES;
				GCC_WARN_UNUSED_VARIABLE = YES;
				IPHONEOS_DEPLOYMENT_TARGET = 13.4;
				MTL_ENABLE_DEBUG_INFO = INCLUDE_SOURCE;
				MTL_FAST_MATH = YES;
				ONLY_ACTIVE_ARCH = YES;
				SDKROOT = iphoneos;
				SWIFT_ACTIVE_COMPILATION_CONDITIONS = DEBUG;
				SWIFT_OPTIMIZATION_LEVEL = "-Onone";
			};
			name = Debug;
		};
		FFB1026A244C5B12008AC7D7 /* Release */ = {
			isa = XCBuildConfiguration;
			buildSettings = {
				ALWAYS_SEARCH_USER_PATHS = NO;
				CLANG_ANALYZER_NONNULL = YES;
				CLANG_ANALYZER_NUMBER_OBJECT_CONVERSION = YES_AGGRESSIVE;
				CLANG_CXX_LANGUAGE_STANDARD = "gnu++14";
				CLANG_CXX_LIBRARY = "libc++";
				CLANG_ENABLE_MODULES = YES;
				CLANG_ENABLE_OBJC_ARC = YES;
				CLANG_ENABLE_OBJC_WEAK = YES;
				CLANG_WARN_BLOCK_CAPTURE_AUTORELEASING = YES;
				CLANG_WARN_BOOL_CONVERSION = YES;
				CLANG_WARN_COMMA = YES;
				CLANG_WARN_CONSTANT_CONVERSION = YES;
				CLANG_WARN_DEPRECATED_OBJC_IMPLEMENTATIONS = YES;
				CLANG_WARN_DIRECT_OBJC_ISA_USAGE = YES_ERROR;
				CLANG_WARN_DOCUMENTATION_COMMENTS = YES;
				CLANG_WARN_EMPTY_BODY = YES;
				CLANG_WARN_ENUM_CONVERSION = YES;
				CLANG_WARN_INFINITE_RECURSION = YES;
				CLANG_WARN_INT_CONVERSION = YES;
				CLANG_WARN_NON_LITERAL_NULL_CONVERSION = YES;
				CLANG_WARN_OBJC_IMPLICIT_RETAIN_SELF = YES;
				CLANG_WARN_OBJC_LITERAL_CONVERSION = YES;
				CLANG_WARN_OBJC_ROOT_CLASS = YES_ERROR;
				CLANG_WARN_RANGE_LOOP_ANALYSIS = YES;
				CLANG_WARN_STRICT_PROTOTYPES = YES;
				CLANG_WARN_SUSPICIOUS_MOVE = YES;
				CLANG_WARN_UNGUARDED_AVAILABILITY = YES_AGGRESSIVE;
				CLANG_WARN_UNREACHABLE_CODE = YES;
				CLANG_WARN__DUPLICATE_METHOD_MATCH = YES;
				COPY_PHASE_STRIP = NO;
				DEBUG_INFORMATION_FORMAT = "dwarf-with-dsym";
				ENABLE_NS_ASSERTIONS = NO;
				ENABLE_STRICT_OBJC_MSGSEND = YES;
				GCC_C_LANGUAGE_STANDARD = gnu11;
				GCC_NO_COMMON_BLOCKS = YES;
				GCC_WARN_64_TO_32_BIT_CONVERSION = YES;
				GCC_WARN_ABOUT_RETURN_TYPE = YES_ERROR;
				GCC_WARN_UNDECLARED_SELECTOR = YES;
				GCC_WARN_UNINITIALIZED_AUTOS = YES_AGGRESSIVE;
				GCC_WARN_UNUSED_FUNCTION = YES;
				GCC_WARN_UNUSED_VARIABLE = YES;
				IPHONEOS_DEPLOYMENT_TARGET = 13.4;
				MTL_ENABLE_DEBUG_INFO = NO;
				MTL_FAST_MATH = YES;
				SDKROOT = iphoneos;
				SWIFT_COMPILATION_MODE = wholemodule;
				SWIFT_OPTIMIZATION_LEVEL = "-O";
				VALIDATE_PRODUCT = YES;
			};
			name = Release;
		};
		FFB1026C244C5B12008AC7D7 /* Debug */ = {
			isa = XCBuildConfiguration;
			baseConfigurationReference = 1144D7CFA73D21DE713FF09A /* Pods-skeletonView.debug.xcconfig */;
			buildSettings = {
				ASSETCATALOG_COMPILER_APPICON_NAME = AppIcon;
				CODE_SIGN_STYLE = Automatic;
				DEVELOPMENT_TEAM = R975Y8X2C9;
				INFOPLIST_FILE = skeletonView/Info.plist;
				LD_RUNPATH_SEARCH_PATHS = (
					"$(inherited)",
					"@executable_path/Frameworks",
				);
				PRODUCT_BUNDLE_IDENTIFIER = com.fahimrahman.skeletonView;
				PRODUCT_NAME = skeletonViewDemo;
				SWIFT_VERSION = 5.0;
				TARGETED_DEVICE_FAMILY = 1;
			};
			name = Debug;
		};
		FFB1026D244C5B12008AC7D7 /* Release */ = {
			isa = XCBuildConfiguration;
			baseConfigurationReference = FB931834ACEDFCD3F35A7FA7 /* Pods-skeletonView.release.xcconfig */;
			buildSettings = {
				ASSETCATALOG_COMPILER_APPICON_NAME = AppIcon;
				CODE_SIGN_STYLE = Automatic;
				DEVELOPMENT_TEAM = R975Y8X2C9;
				INFOPLIST_FILE = skeletonView/Info.plist;
				LD_RUNPATH_SEARCH_PATHS = (
					"$(inherited)",
					"@executable_path/Frameworks",
				);
				PRODUCT_BUNDLE_IDENTIFIER = com.fahimrahman.skeletonView;
				PRODUCT_NAME = skeletonViewDemo;
				SWIFT_VERSION = 5.0;
				TARGETED_DEVICE_FAMILY = 1;
			};
			name = Release;
		};
/* End XCBuildConfiguration section */

/* Begin XCConfigurationList section */
		FFB10252244C5B11008AC7D7 /* Build configuration list for PBXProject "skeletonView" */ = {
			isa = XCConfigurationList;
			buildConfigurations = (
				FFB10269244C5B12008AC7D7 /* Debug */,
				FFB1026A244C5B12008AC7D7 /* Release */,
			);
			defaultConfigurationIsVisible = 0;
			defaultConfigurationName = Release;
		};
		FFB1026B244C5B12008AC7D7 /* Build configuration list for PBXNativeTarget "skeletonView" */ = {
			isa = XCConfigurationList;
			buildConfigurations = (
				FFB1026C244C5B12008AC7D7 /* Debug */,
				FFB1026D244C5B12008AC7D7 /* Release */,
			);
			defaultConfigurationIsVisible = 0;
			defaultConfigurationName = Release;
		};
/* End XCConfigurationList section */
	};
	rootObject = FFB1024F244C5B11008AC7D7 /* Project object */;
}
